
Microsoft Visual Studio Solution File, Format Version 12.00
# Visual Studio Version 17
VisualStudioVersion = 17.0.31903.59
MinimumVisualStudioVersion = 10.0.40219.1
Project("{FAE04EC0-301F-11D3-BF4B-00C04F79EFBC}") = "Numbers", "Numbers\Numbers.csproj", "{0BE172C7-8467-40F4-8F9B-799C087455EA}"
EndProject
Project("{FAE04EC0-301F-11D3-BF4B-00C04F79EFBC}") = "XUnit.Coverlet.Collector", "XUnit.Coverlet.Collector\XUnit.Coverlet.Collector.csproj", "{EBA59EB7-63C1-4F21-8C64-B551A67B2E15}"
EndProject
Project("{FAE04EC0-301F-11D3-BF4B-00C04F79EFBC}") = "XUnit.Coverlet.MSBuild", "XUnit.Coverlet.MSBuild\XUnit.Coverlet.MSBuild.csproj", "{77768238-7C1D-4E90-BB73-F4C07F14B683}"
EndProject
Global
	GlobalSection(SolutionConfigurationPlatforms) = preSolution
		Debug|Any CPU = Debug|Any CPU
		Release|Any CPU = Release|Any CPU
	EndGlobalSection
	GlobalSection(SolutionProperties) = preSolution
		HideSolutionNode = FALSE
	EndGlobalSection
	GlobalSection(ProjectConfigurationPlatforms) = postSolution
		{0BE172C7-8467-40F4-8F9B-799C087455EA}.Debug|Any CPU.ActiveCfg = Debug|Any CPU
		{0BE172C7-8467-40F4-8F9B-799C087455EA}.Debug|Any CPU.Build.0 = Debug|Any CPU
		{0BE172C7-8467-40F4-8F9B-799C087455EA}.Release|Any CPU.ActiveCfg = Release|Any CPU
		{0BE172C7-8467-40F4-8F9B-799C087455EA}.Release|Any CPU.Build.0 = Release|Any CPU
		{EBA59EB7-63C1-4F21-8C64-B551A67B2E15}.Debug|Any CPU.ActiveCfg = Debug|Any CPU
		{EBA59EB7-63C1-4F21-8C64-B551A67B2E15}.Debug|Any CPU.Build.0 = Debug|Any CPU
		{EBA59EB7-63C1-4F21-8C64-B551A67B2E15}.Release|Any CPU.ActiveCfg = Release|Any CPU
		{EBA59EB7-63C1-4F21-8C64-B551A67B2E15}.Release|Any CPU.Build.0 = Release|Any CPU
		{77768238-7C1D-4E90-BB73-F4C07F14B683}.Debug|Any CPU.ActiveCfg = Debug|Any CPU
		{77768238-7C1D-4E90-BB73-F4C07F14B683}.Debug|Any CPU.Build.0 = Debug|Any CPU
		{77768238-7C1D-4E90-BB73-F4C07F14B683}.Release|Any CPU.ActiveCfg = Release|Any CPU
		{77768238-7C1D-4E90-BB73-F4C07F14B683}.Release|Any CPU.Build.0 = Release|Any CPU
	EndGlobalSection
EndGlobal
