
Microsoft Visual Studio Solution File, Format Version 12.00
# Visual Studio Version 17
VisualStudioVersion = 17.0.31903.59
MinimumVisualStudioVersion = 10.0.40219.1
Project("{FAE04EC0-301F-11D3-BF4B-00C04F79EFBC}") = "Spacebattle", "Spacebattle\Spacebattle.csproj", "{DB923C65-654A-452E-8AD4-9514588F3EE2}"
EndProject
Project("{FAE04EC0-301F-11D3-BF4B-00C04F79EFBC}") = "Show", "Show\Show.csproj", "{84DAA2C9-0714-4B60-B510-E1D7C1E50AC3}"
EndProject
Global
	GlobalSection(SolutionConfigurationPlatforms) = preSolution
		Debug|Any CPU = Debug|Any CPU
		Release|Any CPU = Release|Any CPU
	EndGlobalSection
	GlobalSection(SolutionProperties) = preSolution
		HideSolutionNode = FALSE
	EndGlobalSection
	GlobalSection(ProjectConfigurationPlatforms) = postSolution
		{DB923C65-654A-452E-8AD4-9514588F3EE2}.Debug|Any CPU.ActiveCfg = Debug|Any CPU
		{DB923C65-654A-452E-8AD4-9514588F3EE2}.Debug|Any CPU.Build.0 = Debug|Any CPU
		{DB923C65-654A-452E-8AD4-9514588F3EE2}.Release|Any CPU.ActiveCfg = Release|Any CPU
		{DB923C65-654A-452E-8AD4-9514588F3EE2}.Release|Any CPU.Build.0 = Release|Any CPU
		{84DAA2C9-0714-4B60-B510-E1D7C1E50AC3}.Debug|Any CPU.ActiveCfg = Debug|Any CPU
		{84DAA2C9-0714-4B60-B510-E1D7C1E50AC3}.Debug|Any CPU.Build.0 = Debug|Any CPU
		{84DAA2C9-0714-4B60-B510-E1D7C1E50AC3}.Release|Any CPU.ActiveCfg = Release|Any CPU
		{84DAA2C9-0714-4B60-B510-E1D7C1E50AC3}.Release|Any CPU.Build.0 = Release|Any CPU
	EndGlobalSection
EndGlobal
